
Microsoft Visual Studio Solution File, Format Version 12.00
# Visual Studio Express 15 for Windows Desktop
VisualStudioVersion = 15.0.28307.1022
MinimumVisualStudioVersion = 10.0.40219.1
Project("{FAE04EC0-301F-11D3-BF4B-00C04F79EFBC}") = "ExpenseManagementReport", "ExpenseManagementReport\ExpenseManagementReport.csproj", "{740801CD-2725-4E42-9FE4-6A383711B5BD}"
EndProject
Project("{FAE04EC0-301F-11D3-BF4B-00C04F79EFBC}") = "BAL", "BAL\BAL.csproj", "{6D3E41A7-0D21-44D8-BA83-CA24115FF395}"
EndProject
Project("{FAE04EC0-301F-11D3-BF4B-00C04F79EFBC}") = "DAL", "DAL\DAL.csproj", "{CB7D0301-A29B-49D4-AA89-D7FC4E2DDF67}"
EndProject
Project("{FAE04EC0-301F-11D3-BF4B-00C04F79EFBC}") = "BLL", "BLL\BLL.csproj", "{E1A45FD6-DA5A-4309-A90F-DD47829A6C04}"
EndProject
Global
	GlobalSection(SolutionConfigurationPlatforms) = preSolution
		Debug|Any CPU = Debug|Any CPU
		Release|Any CPU = Release|Any CPU
	EndGlobalSection
	GlobalSection(ProjectConfigurationPlatforms) = postSolution
		{740801CD-2725-4E42-9FE4-6A383711B5BD}.Debug|Any CPU.ActiveCfg = Debug|Any CPU
		{740801CD-2725-4E42-9FE4-6A383711B5BD}.Debug|Any CPU.Build.0 = Debug|Any CPU
		{740801CD-2725-4E42-9FE4-6A383711B5BD}.Release|Any CPU.ActiveCfg = Debug|Any CPU
		{740801CD-2725-4E42-9FE4-6A383711B5BD}.Release|Any CPU.Build.0 = Debug|Any CPU
		{6D3E41A7-0D21-44D8-BA83-CA24115FF395}.Debug|Any CPU.ActiveCfg = Debug|Any CPU
		{6D3E41A7-0D21-44D8-BA83-CA24115FF395}.Debug|Any CPU.Build.0 = Debug|Any CPU
		{6D3E41A7-0D21-44D8-BA83-CA24115FF395}.Release|Any CPU.ActiveCfg = Debug|Any CPU
		{6D3E41A7-0D21-44D8-BA83-CA24115FF395}.Release|Any CPU.Build.0 = Debug|Any CPU
		{CB7D0301-A29B-49D4-AA89-D7FC4E2DDF67}.Debug|Any CPU.ActiveCfg = Debug|Any CPU
		{CB7D0301-A29B-49D4-AA89-D7FC4E2DDF67}.Debug|Any CPU.Build.0 = Debug|Any CPU
		{CB7D0301-A29B-49D4-AA89-D7FC4E2DDF67}.Release|Any CPU.ActiveCfg = Debug|Any CPU
		{CB7D0301-A29B-49D4-AA89-D7FC4E2DDF67}.Release|Any CPU.Build.0 = Debug|Any CPU
		{E1A45FD6-DA5A-4309-A90F-DD47829A6C04}.Debug|Any CPU.ActiveCfg = Debug|Any CPU
		{E1A45FD6-DA5A-4309-A90F-DD47829A6C04}.Debug|Any CPU.Build.0 = Debug|Any CPU
		{E1A45FD6-DA5A-4309-A90F-DD47829A6C04}.Release|Any CPU.ActiveCfg = Debug|Any CPU
		{E1A45FD6-DA5A-4309-A90F-DD47829A6C04}.Release|Any CPU.Build.0 = Debug|Any CPU
	EndGlobalSection
	GlobalSection(SolutionProperties) = preSolution
		HideSolutionNode = FALSE
	EndGlobalSection
	GlobalSection(ExtensibilityGlobals) = postSolution
		SolutionGuid = {C6F3EF9E-B25F-4B12-8D56-8392DE8E7D6C}
	EndGlobalSection
EndGlobal
